# THIS IS AN AUTOGENERATED FILE. DO NOT EDIT THIS FILE DIRECTLY.
# yarn lockfile v1


console-table-printer@^2.10.0:
  version "2.10.0"
  resolved "https://registry.yarnpkg.com/console-table-printer/-/console-table-printer-2.10.0.tgz#4a6875b95071b36542d1c55c6d9dcc6206e1e9f0"
  integrity sha512-7pTsysaJs1+R+OO4cCtJbl+Lr4piHYIhi7/V1qHbOg/uiYgq2yUINFgvXZtVHqm9qpW0+Uk190qkGcKvzdunvg==
  dependencies:
    simple-wcswidth "^1.0.1"

simple-wcswidth@^1.0.1:
  version "1.0.1"
  resolved "https://registry.yarnpkg.com/simple-wcswidth/-/simple-wcswidth-1.0.1.tgz#8ab18ac0ae342f9d9b629604e54d2aa1ecb018b2"
  integrity sha512-xMO/8eNREtaROt7tJvWJqHBDTMFN4eiQ5I4JRMuilwfnFcV5W9u7RUkueNkdw0jPqGMX36iCywelS5yilTuOxg==
